// !$*UTF8*$!
{
	archiveVersion = 1;
	classes = {
	};
	objectVersion = 46;
	objects = {

/* Begin PBXBuildFile section */
		13B07FBC1A68108700A75B9A /* AppDelegate.m in Sources */ = {isa = PBXBuildFile; fileRef = 13B07FB01A68108700A75B9A /* AppDelegate.m */; };
		13B07FBD1A68108700A75B9A /* LaunchScreen.xib in Resources */ = {isa = PBXBuildFile; fileRef = 13B07FB11A68108700A75B9A /* LaunchScreen.xib */; };
		13B07FBF1A68108700A75B9A /* Images.xcassets in Resources */ = {isa = PBXBuildFile; fileRef = 13B07FB51A68108700A75B9A /* Images.xcassets */; };
		13B07FC11A68108700A75B9A /* main.m in Sources */ = {isa = PBXBuildFile; fileRef = 13B07FB71A68108700A75B9A /* main.m */; };
		42B6601FDF90DECBBCC23261 /* Pods_deep_mobile.framework in Frameworks */ = {isa = PBXBuildFile; fileRef = 15A7342A538FEBAB9D56F031 /* Pods_deep_mobile.framework */; };
		9B0BCCFF216E85E4009D2503 /* FrameExtractor.swift in Sources */ = {isa = PBXBuildFile; fileRef = 9B0BCCFE216E85E4009D2503 /* FrameExtractor.swift */; };
		9B0BCD36216E92E3009D2503 /* DamageHTTPService.swift in Sources */ = {isa = PBXBuildFile; fileRef = 9B0BCD35216E92E3009D2503 /* DamageHTTPService.swift */; };
		9B238AAA217A371000E7AAC3 /* CGImagePropertyOrientation.swift in Sources */ = {isa = PBXBuildFile; fileRef = 9B238AA9217A371000E7AAC3 /* CGImagePropertyOrientation.swift */; };
		9B2DE4782198C3F000C232FF /* Downloader.swift in Sources */ = {isa = PBXBuildFile; fileRef = 9B2DE4772198C3F000C232FF /* Downloader.swift */; };
		9B814608216FDFB900590FCB /* DamageService.swift in Sources */ = {isa = PBXBuildFile; fileRef = 9B814607216FDFB900590FCB /* DamageService.swift */; };
		9BC1337D219DF58400AE4C95 /* MLModelService.swift in Sources */ = {isa = PBXBuildFile; fileRef = 9BC1337C219DF58400AE4C95 /* MLModelService.swift */; };
		9BC8A3CC21AB42DC00977C8B /* deep_mobileTests.swift in Sources */ = {isa = PBXBuildFile; fileRef = 9BC8A3CB21AB42DC00977C8B /* deep_mobileTests.swift */; };
		9BC8A3D321AB43D600977C8B /* DamageHTTPService.swift in Sources */ = {isa = PBXBuildFile; fileRef = 9B0BCD35216E92E3009D2503 /* DamageHTTPService.swift */; };
		9BC8A3D421AB43D600977C8B /* DamageService.swift in Sources */ = {isa = PBXBuildFile; fileRef = 9B814607216FDFB900590FCB /* DamageService.swift */; };
		9BC8A3D521AB43D600977C8B /* MLModelService.swift in Sources */ = {isa = PBXBuildFile; fileRef = 9BC1337C219DF58400AE4C95 /* MLModelService.swift */; };
		9BC8A3D621AB43D600977C8B /* RoadDamageModel.mlmodel in Sources */ = {isa = PBXBuildFile; fileRef = B97BD71721682F4C0043C3DC /* RoadDamageModel.mlmodel */; };
		9BC8A3D721AB43D600977C8B /* DamageDetector.swift in Sources */ = {isa = PBXBuildFile; fileRef = B97BD71121681D700043C3DC /* DamageDetector.swift */; };
		9BC8A3D821AB43D600977C8B /* CGImagePropertyOrientation.swift in Sources */ = {isa = PBXBuildFile; fileRef = 9B238AA9217A371000E7AAC3 /* CGImagePropertyOrientation.swift */; };
		9BC8A3D921AB43D600977C8B /* Throttler.swift in Sources */ = {isa = PBXBuildFile; fileRef = B9726072216D7F1A0066A59C /* Throttler.swift */; };
		9BC8A3DA21AB43D600977C8B /* FrameExtractor.swift in Sources */ = {isa = PBXBuildFile; fileRef = 9B0BCCFE216E85E4009D2503 /* FrameExtractor.swift */; };
		9BC8A3DB21AB43D600977C8B /* Downloader.swift in Sources */ = {isa = PBXBuildFile; fileRef = 9B2DE4772198C3F000C232FF /* Downloader.swift */; };
		9BC8A3DC21AB43D600977C8B /* DamageCameraViewManager.swift in Sources */ = {isa = PBXBuildFile; fileRef = B957B263215EB92A00FF2999 /* DamageCameraViewManager.swift */; };
		9BC8A3DD21AB43D600977C8B /* DamageCameraView.swift in Sources */ = {isa = PBXBuildFile; fileRef = B957B260215EB8DE00FF2999 /* DamageCameraView.swift */; };
		9BC8A3DE21AB43D600977C8B /* DamageCameraViewBridge.m in Sources */ = {isa = PBXBuildFile; fileRef = B957B265215EB9FA00FF2999 /* DamageCameraViewBridge.m */; };
		9BC8A3DF21AB498100977C8B /* Pods_deep_mobile.framework in Frameworks */ = {isa = PBXBuildFile; fileRef = 15A7342A538FEBAB9D56F031 /* Pods_deep_mobile.framework */; };
		9BC8A3E121AB5A6800977C8B /* RoadDamageService_Tests.swift in Sources */ = {isa = PBXBuildFile; fileRef = 9BC8A3E021AB5A6800977C8B /* RoadDamageService_Tests.swift */; };
		B957B261215EB8DE00FF2999 /* DamageCameraView.swift in Sources */ = {isa = PBXBuildFile; fileRef = B957B260215EB8DE00FF2999 /* DamageCameraView.swift */; };
		B957B264215EB92A00FF2999 /* DamageCameraViewManager.swift in Sources */ = {isa = PBXBuildFile; fileRef = B957B263215EB92A00FF2999 /* DamageCameraViewManager.swift */; };
		B957B266215EB9FA00FF2999 /* DamageCameraViewBridge.m in Sources */ = {isa = PBXBuildFile; fileRef = B957B265215EB9FA00FF2999 /* DamageCameraViewBridge.m */; };
		B9726073216D7F1A0066A59C /* Throttler.swift in Sources */ = {isa = PBXBuildFile; fileRef = B9726072216D7F1A0066A59C /* Throttler.swift */; };
		B97BD71221681D700043C3DC /* DamageDetector.swift in Sources */ = {isa = PBXBuildFile; fileRef = B97BD71121681D700043C3DC /* DamageDetector.swift */; };
		B97BD71821682F4D0043C3DC /* RoadDamageModel.mlmodel in Sources */ = {isa = PBXBuildFile; fileRef = B97BD71721682F4C0043C3DC /* RoadDamageModel.mlmodel */; };
/* End PBXBuildFile section */

/* Begin PBXContainerItemProxy section */
		9BC8A3CE21AB42DC00977C8B /* PBXContainerItemProxy */ = {
			isa = PBXContainerItemProxy;
			containerPortal = 83CBB9F71A601CBA00E9B192 /* Project object */;
			proxyType = 1;
			remoteGlobalIDString = 13B07F861A680F5B00A75B9A;
			remoteInfo = deep.mobile;
		};
/* End PBXContainerItemProxy section */

/* Begin PBXFileReference section */
		008F07F21AC5B25A0029DE68 /* main.jsbundle */ = {isa = PBXFileReference; fileEncoding = 4; lastKnownFileType = file; name = main.jsbundle; path = deep.mobile/main.jsbundle; sourceTree = "<group>"; };
		00E356F11AD99517003FC87E /* Info.plist */ = {isa = PBXFileReference; lastKnownFileType = text.plist.xml; path = Info.plist; sourceTree = "<group>"; };
		00E356F21AD99517003FC87E /* deep.mobile.tests.m */ = {isa = PBXFileReference; lastKnownFileType = sourcecode.c.objc; path = deep.mobile.tests.m; sourceTree = "<group>"; };
		13B07F961A680F5B00A75B9A /* deep.mobile.app */ = {isa = PBXFileReference; explicitFileType = wrapper.application; includeInIndex = 0; path = deep.mobile.app; sourceTree = BUILT_PRODUCTS_DIR; };
		13B07FAF1A68108700A75B9A /* AppDelegate.h */ = {isa = PBXFileReference; fileEncoding = 4; lastKnownFileType = sourcecode.c.h; name = AppDelegate.h; path = deep.mobile/AppDelegate.h; sourceTree = "<group>"; };
		13B07FB01A68108700A75B9A /* AppDelegate.m */ = {isa = PBXFileReference; fileEncoding = 4; lastKnownFileType = sourcecode.c.objc; name = AppDelegate.m; path = deep.mobile/AppDelegate.m; sourceTree = "<group>"; };
		13B07FB21A68108700A75B9A /* Base */ = {isa = PBXFileReference; lastKnownFileType = file.xib; name = Base; path = Base.lproj/LaunchScreen.xib; sourceTree = "<group>"; };
		13B07FB51A68108700A75B9A /* Images.xcassets */ = {isa = PBXFileReference; lastKnownFileType = folder.assetcatalog; name = Images.xcassets; path = deep.mobile/Images.xcassets; sourceTree = "<group>"; };
		13B07FB61A68108700A75B9A /* Info.plist */ = {isa = PBXFileReference; fileEncoding = 4; lastKnownFileType = text.plist.xml; name = Info.plist; path = deep.mobile/Info.plist; sourceTree = "<group>"; };
		13B07FB71A68108700A75B9A /* main.m */ = {isa = PBXFileReference; fileEncoding = 4; lastKnownFileType = sourcecode.c.objc; name = main.m; path = deep.mobile/main.m; sourceTree = "<group>"; };
		15A7342A538FEBAB9D56F031 /* Pods_deep_mobile.framework */ = {isa = PBXFileReference; explicitFileType = wrapper.framework; includeInIndex = 0; path = Pods_deep_mobile.framework; sourceTree = BUILT_PRODUCTS_DIR; };
		2D16E6891FA4F8E400B85C8A /* libReact.a */ = {isa = PBXFileReference; explicitFileType = archive.ar; path = libReact.a; sourceTree = BUILT_PRODUCTS_DIR; };
		2D1BE70E20D17A58F184918B /* Pods-deep.mobile.debug.xcconfig */ = {isa = PBXFileReference; includeInIndex = 1; lastKnownFileType = text.xcconfig; name = "Pods-deep.mobile.debug.xcconfig"; path = "Pods/Target Support Files/Pods-deep.mobile/Pods-deep.mobile.debug.xcconfig"; sourceTree = "<group>"; };
		9B0BCCFE216E85E4009D2503 /* FrameExtractor.swift */ = {isa = PBXFileReference; fileEncoding = 4; lastKnownFileType = sourcecode.swift; path = FrameExtractor.swift; sourceTree = "<group>"; };
		9B0BCD35216E92E3009D2503 /* DamageHTTPService.swift */ = {isa = PBXFileReference; lastKnownFileType = sourcecode.swift; path = DamageHTTPService.swift; sourceTree = "<group>"; };
		9B238AA9217A371000E7AAC3 /* CGImagePropertyOrientation.swift */ = {isa = PBXFileReference; lastKnownFileType = sourcecode.swift; path = CGImagePropertyOrientation.swift; sourceTree = "<group>"; };
		9B2DE4772198C3F000C232FF /* Downloader.swift */ = {isa = PBXFileReference; lastKnownFileType = sourcecode.swift; path = Downloader.swift; sourceTree = "<group>"; };
		9B814607216FDFB900590FCB /* DamageService.swift */ = {isa = PBXFileReference; lastKnownFileType = sourcecode.swift; path = DamageService.swift; sourceTree = "<group>"; };
		9BC1337C219DF58400AE4C95 /* MLModelService.swift */ = {isa = PBXFileReference; lastKnownFileType = sourcecode.swift; path = MLModelService.swift; sourceTree = "<group>"; };
		9BC8A3C921AB42DB00977C8B /* deep.mobileTests.xctest */ = {isa = PBXFileReference; explicitFileType = wrapper.cfbundle; includeInIndex = 0; path = deep.mobileTests.xctest; sourceTree = BUILT_PRODUCTS_DIR; };
		9BC8A3CB21AB42DC00977C8B /* deep_mobileTests.swift */ = {isa = PBXFileReference; lastKnownFileType = sourcecode.swift; path = deep_mobileTests.swift; sourceTree = "<group>"; };
		9BC8A3CD21AB42DC00977C8B /* Info.plist */ = {isa = PBXFileReference; lastKnownFileType = text.plist.xml; path = Info.plist; sourceTree = "<group>"; };
		9BC8A3E021AB5A6800977C8B /* RoadDamageService_Tests.swift */ = {isa = PBXFileReference; lastKnownFileType = sourcecode.swift; path = RoadDamageService_Tests.swift; sourceTree = "<group>"; };
		B957B25D215EB81B00FF2999 /* deep.mobile-Bridging-Header.h */ = {isa = PBXFileReference; lastKnownFileType = sourcecode.c.h; path = "deep.mobile-Bridging-Header.h"; sourceTree = "<group>"; };
		B957B260215EB8DE00FF2999 /* DamageCameraView.swift */ = {isa = PBXFileReference; lastKnownFileType = sourcecode.swift; path = DamageCameraView.swift; sourceTree = "<group>"; };
		B957B263215EB92A00FF2999 /* DamageCameraViewManager.swift */ = {isa = PBXFileReference; lastKnownFileType = sourcecode.swift; path = DamageCameraViewManager.swift; sourceTree = "<group>"; };
		B957B265215EB9FA00FF2999 /* DamageCameraViewBridge.m */ = {isa = PBXFileReference; lastKnownFileType = sourcecode.c.objc; path = DamageCameraViewBridge.m; sourceTree = "<group>"; };
		B9726072216D7F1A0066A59C /* Throttler.swift */ = {isa = PBXFileReference; lastKnownFileType = sourcecode.swift; path = Throttler.swift; sourceTree = "<group>"; };
		B97BD71121681D700043C3DC /* DamageDetector.swift */ = {isa = PBXFileReference; lastKnownFileType = sourcecode.swift; path = DamageDetector.swift; sourceTree = "<group>"; };
		B97BD71721682F4C0043C3DC /* RoadDamageModel.mlmodel */ = {isa = PBXFileReference; lastKnownFileType = file.mlmodel; path = RoadDamageModel.mlmodel; sourceTree = "<group>"; };
		C84BBB415B0EBC0F79D1A379 /* Pods-deep.mobile.release.xcconfig */ = {isa = PBXFileReference; includeInIndex = 1; lastKnownFileType = text.xcconfig; name = "Pods-deep.mobile.release.xcconfig"; path = "Pods/Target Support Files/Pods-deep.mobile/Pods-deep.mobile.release.xcconfig"; sourceTree = "<group>"; };
/* End PBXFileReference section */

/* Begin PBXFrameworksBuildPhase section */
		13B07F8C1A680F5B00A75B9A /* Frameworks */ = {
			isa = PBXFrameworksBuildPhase;
			buildActionMask = 2147483647;
			files = (
				42B6601FDF90DECBBCC23261 /* Pods_deep_mobile.framework in Frameworks */,
			);
			runOnlyForDeploymentPostprocessing = 0;
		};
		9BC8A3C621AB42DB00977C8B /* Frameworks */ = {
			isa = PBXFrameworksBuildPhase;
			buildActionMask = 2147483647;
			files = (
				9BC8A3DF21AB498100977C8B /* Pods_deep_mobile.framework in Frameworks */,
			);
			runOnlyForDeploymentPostprocessing = 0;
		};
/* End PBXFrameworksBuildPhase section */

/* Begin PBXGroup section */
		00E356EF1AD99517003FC87E /* deep.mobileTests */ = {
			isa = PBXGroup;
			children = (
				00E356F21AD99517003FC87E /* deep.mobile.tests.m */,
				00E356F01AD99517003FC87E /* Supporting Files */,
			);
			path = deep.mobileTests;
			sourceTree = "<group>";
		};
		00E356F01AD99517003FC87E /* Supporting Files */ = {
			isa = PBXGroup;
			children = (
				00E356F11AD99517003FC87E /* Info.plist */,
			);
			name = "Supporting Files";
			sourceTree = "<group>";
		};
		13B07FAE1A68108700A75B9A /* deep.mobile */ = {
			isa = PBXGroup;
			children = (
				9B0BCD0E216E92A5009D2503 /* Service */,
				9B0BCD00216E85FC009D2503 /* DamageDetector */,
				9B0BCCD7216E856E009D2503 /* Util */,
				B957B262215EB8E800FF2999 /* DamageCameraView */,
				008F07F21AC5B25A0029DE68 /* main.jsbundle */,
				13B07FAF1A68108700A75B9A /* AppDelegate.h */,
				13B07FB01A68108700A75B9A /* AppDelegate.m */,
				13B07FB51A68108700A75B9A /* Images.xcassets */,
				13B07FB61A68108700A75B9A /* Info.plist */,
				13B07FB11A68108700A75B9A /* LaunchScreen.xib */,
				13B07FB71A68108700A75B9A /* main.m */,
				B957B25D215EB81B00FF2999 /* deep.mobile-Bridging-Header.h */,
			);
			name = deep.mobile;
			sourceTree = "<group>";
		};
		2D16E6871FA4F8E400B85C8A /* Frameworks */ = {
			isa = PBXGroup;
			children = (
				2D16E6891FA4F8E400B85C8A /* libReact.a */,
				15A7342A538FEBAB9D56F031 /* Pods_deep_mobile.framework */,
			);
			name = Frameworks;
			sourceTree = "<group>";
		};
		626749EAEF531E69915CBF16 /* Pods */ = {
			isa = PBXGroup;
			children = (
				2D1BE70E20D17A58F184918B /* Pods-deep.mobile.debug.xcconfig */,
				C84BBB415B0EBC0F79D1A379 /* Pods-deep.mobile.release.xcconfig */,
			);
			name = Pods;
			sourceTree = "<group>";
		};
		832341AE1AAA6A7D00B99B32 /* Libraries */ = {
			isa = PBXGroup;
			children = (
			);
			name = Libraries;
			sourceTree = "<group>";
		};
		83CBB9F61A601CBA00E9B192 = {
			isa = PBXGroup;
			children = (
				13B07FAE1A68108700A75B9A /* deep.mobile */,
				832341AE1AAA6A7D00B99B32 /* Libraries */,
				00E356EF1AD99517003FC87E /* deep.mobileTests */,
				9BC8A3CA21AB42DC00977C8B /* deep.mobileTests */,
				83CBBA001A601CBA00E9B192 /* Products */,
				2D16E6871FA4F8E400B85C8A /* Frameworks */,
				626749EAEF531E69915CBF16 /* Pods */,
			);
			indentWidth = 2;
			sourceTree = "<group>";
			tabWidth = 2;
			usesTabs = 0;
		};
		83CBBA001A601CBA00E9B192 /* Products */ = {
			isa = PBXGroup;
			children = (
				13B07F961A680F5B00A75B9A /* deep.mobile.app */,
				9BC8A3C921AB42DB00977C8B /* deep.mobileTests.xctest */,
			);
			name = Products;
			sourceTree = "<group>";
		};
		9B0BCCD7216E856E009D2503 /* Util */ = {
			isa = PBXGroup;
			children = (
				B9726072216D7F1A0066A59C /* Throttler.swift */,
				9B0BCCFE216E85E4009D2503 /* FrameExtractor.swift */,
				9B2DE4772198C3F000C232FF /* Downloader.swift */,
			);
			name = Util;
			sourceTree = "<group>";
		};
		9B0BCD00216E85FC009D2503 /* DamageDetector */ = {
			isa = PBXGroup;
			children = (
				B97BD71721682F4C0043C3DC /* RoadDamageModel.mlmodel */,
				B97BD71121681D700043C3DC /* DamageDetector.swift */,
				9B238AA9217A371000E7AAC3 /* CGImagePropertyOrientation.swift */,
			);
			name = DamageDetector;
			sourceTree = "<group>";
		};
		9B0BCD0E216E92A5009D2503 /* Service */ = {
			isa = PBXGroup;
			children = (
				9B0BCD35216E92E3009D2503 /* DamageHTTPService.swift */,
				9B814607216FDFB900590FCB /* DamageService.swift */,
				9BC1337C219DF58400AE4C95 /* MLModelService.swift */,
			);
			name = Service;
			sourceTree = "<group>";
		};
		9BC8A3CA21AB42DC00977C8B /* deep.mobileTests */ = {
			isa = PBXGroup;
			children = (
				9BC8A3E021AB5A6800977C8B /* RoadDamageService_Tests.swift */,
				9BC8A3CB21AB42DC00977C8B /* deep_mobileTests.swift */,
				9BC8A3CD21AB42DC00977C8B /* Info.plist */,
			);
			path = deep.mobileTests;
			sourceTree = "<group>";
		};
		B957B262215EB8E800FF2999 /* DamageCameraView */ = {
			isa = PBXGroup;
			children = (
				B957B263215EB92A00FF2999 /* DamageCameraViewManager.swift */,
				B957B260215EB8DE00FF2999 /* DamageCameraView.swift */,
				B957B265215EB9FA00FF2999 /* DamageCameraViewBridge.m */,
			);
			name = DamageCameraView;
			sourceTree = "<group>";
		};
/* End PBXGroup section */

/* Begin PBXNativeTarget section */
		13B07F861A680F5B00A75B9A /* deep.mobile */ = {
			isa = PBXNativeTarget;
			buildConfigurationList = 13B07F931A680F5B00A75B9A /* Build configuration list for PBXNativeTarget "deep.mobile" */;
			buildPhases = (
				10AFCFCFB2770BE93A8A8219 /* [CP] Check Pods Manifest.lock */,
				13B07F871A680F5B00A75B9A /* Sources */,
				13B07F8C1A680F5B00A75B9A /* Frameworks */,
				13B07F8E1A680F5B00A75B9A /* Resources */,
				00DD1BFF1BD5951E006B06BC /* Bundle React Native code and images */,
				7BECBF08AA38C7F79DAA3D45 /* [CP] Embed Pods Frameworks */,
			);
			buildRules = (
			);
			dependencies = (
			);
			name = deep.mobile;
			productName = "Hello World";
			productReference = 13B07F961A680F5B00A75B9A /* deep.mobile.app */;
			productType = "com.apple.product-type.application";
		};
		9BC8A3C821AB42DB00977C8B /* deep.mobileTests */ = {
			isa = PBXNativeTarget;
			buildConfigurationList = 9BC8A3D021AB42DC00977C8B /* Build configuration list for PBXNativeTarget "deep.mobileTests" */;
			buildPhases = (
				9BC8A3C521AB42DB00977C8B /* Sources */,
				9BC8A3C621AB42DB00977C8B /* Frameworks */,
				9BC8A3C721AB42DB00977C8B /* Resources */,
			);
			buildRules = (
			);
			dependencies = (
				9BC8A3CF21AB42DC00977C8B /* PBXTargetDependency */,
			);
			name = deep.mobileTests;
			productName = deep.mobileTests;
			productReference = 9BC8A3C921AB42DB00977C8B /* deep.mobileTests.xctest */;
			productType = "com.apple.product-type.bundle.unit-test";
		};
/* End PBXNativeTarget section */

/* Begin PBXProject section */
		83CBB9F71A601CBA00E9B192 /* Project object */ = {
			isa = PBXProject;
			attributes = {
				LastSwiftUpdateCheck = 1010;
				LastUpgradeCheck = 940;
				ORGANIZATIONNAME = Facebook;
				TargetAttributes = {
					13B07F861A680F5B00A75B9A = {
						DevelopmentTeam = 45YSJCFXR6;
						LastSwiftMigration = 1000;
					};
					9BC8A3C821AB42DB00977C8B = {
						CreatedOnToolsVersion = 10.1;
						DevelopmentTeam = 45YSJCFXR6;
						ProvisioningStyle = Automatic;
						TestTargetID = 13B07F861A680F5B00A75B9A;
					};
				};
			};
			buildConfigurationList = 83CBB9FA1A601CBA00E9B192 /* Build configuration list for PBXProject "deep.mobile" */;
			compatibilityVersion = "Xcode 3.2";
			developmentRegion = English;
			hasScannedForEncodings = 0;
			knownRegions = (
				en,
				Base,
			);
			mainGroup = 83CBB9F61A601CBA00E9B192;
			productRefGroup = 83CBBA001A601CBA00E9B192 /* Products */;
			projectDirPath = "";
			projectRoot = "";
			targets = (
				13B07F861A680F5B00A75B9A /* deep.mobile */,
				9BC8A3C821AB42DB00977C8B /* deep.mobileTests */,
			);
		};
/* End PBXProject section */

/* Begin PBXResourcesBuildPhase section */
		13B07F8E1A680F5B00A75B9A /* Resources */ = {
			isa = PBXResourcesBuildPhase;
			buildActionMask = 2147483647;
			files = (
				13B07FBF1A68108700A75B9A /* Images.xcassets in Resources */,
				13B07FBD1A68108700A75B9A /* LaunchScreen.xib in Resources */,
			);
			runOnlyForDeploymentPostprocessing = 0;
		};
		9BC8A3C721AB42DB00977C8B /* Resources */ = {
			isa = PBXResourcesBuildPhase;
			buildActionMask = 2147483647;
			files = (
			);
			runOnlyForDeploymentPostprocessing = 0;
		};
/* End PBXResourcesBuildPhase section */

/* Begin PBXShellScriptBuildPhase section */
		00DD1BFF1BD5951E006B06BC /* Bundle React Native code and images */ = {
			isa = PBXShellScriptBuildPhase;
			buildActionMask = 2147483647;
			files = (
			);
			inputPaths = (
			);
			name = "Bundle React Native code and images";
			outputPaths = (
			);
			runOnlyForDeploymentPostprocessing = 0;
			shellPath = /bin/sh;
			shellScript = "export NODE_BINARY=node\n../node_modules/react-native/scripts/react-native-xcode.sh\n";
		};
		10AFCFCFB2770BE93A8A8219 /* [CP] Check Pods Manifest.lock */ = {
			isa = PBXShellScriptBuildPhase;
			buildActionMask = 2147483647;
			files = (
			);
			inputPaths = (
				"${PODS_PODFILE_DIR_PATH}/Podfile.lock",
				"${PODS_ROOT}/Manifest.lock",
			);
			name = "[CP] Check Pods Manifest.lock";
			outputPaths = (
				"$(DERIVED_FILE_DIR)/Pods-deep.mobile-checkManifestLockResult.txt",
			);
			runOnlyForDeploymentPostprocessing = 0;
			shellPath = /bin/sh;
			shellScript = "diff \"${PODS_PODFILE_DIR_PATH}/Podfile.lock\" \"${PODS_ROOT}/Manifest.lock\" > /dev/null\nif [ $? != 0 ] ; then\n    # print error to STDERR\n    echo \"error: The sandbox is not in sync with the Podfile.lock. Run 'pod install' or update your CocoaPods installation.\" >&2\n    exit 1\nfi\n# This output is used by Xcode 'outputs' to avoid re-running this script phase.\necho \"SUCCESS\" > \"${SCRIPT_OUTPUT_FILE_0}\"\n";
			showEnvVarsInLog = 0;
		};
		7BECBF08AA38C7F79DAA3D45 /* [CP] Embed Pods Frameworks */ = {
			isa = PBXShellScriptBuildPhase;
			buildActionMask = 2147483647;
			files = (
			);
			inputPaths = (
				"${SRCROOT}/Pods/Target Support Files/Pods-deep.mobile/Pods-deep.mobile-frameworks.sh",
				"${BUILT_PRODUCTS_DIR}/Alamofire/Alamofire.framework",
				"${BUILT_PRODUCTS_DIR}/DoubleConversion/DoubleConversion.framework",
				"${BUILT_PRODUCTS_DIR}/Folly/folly.framework",
				"${BUILT_PRODUCTS_DIR}/Moya/Moya.framework",
				"${BUILT_PRODUCTS_DIR}/React/React.framework",
				"${BUILT_PRODUCTS_DIR}/Result/Result.framework",
				"${BUILT_PRODUCTS_DIR}/glog/glog.framework",
				"${BUILT_PRODUCTS_DIR}/react-native-maps/react_native_maps.framework",
				"${BUILT_PRODUCTS_DIR}/yoga/yoga.framework",
			);
			name = "[CP] Embed Pods Frameworks";
			outputPaths = (
				"${TARGET_BUILD_DIR}/${FRAMEWORKS_FOLDER_PATH}/Alamofire.framework",
				"${TARGET_BUILD_DIR}/${FRAMEWORKS_FOLDER_PATH}/DoubleConversion.framework",
				"${TARGET_BUILD_DIR}/${FRAMEWORKS_FOLDER_PATH}/folly.framework",
				"${TARGET_BUILD_DIR}/${FRAMEWORKS_FOLDER_PATH}/Moya.framework",
				"${TARGET_BUILD_DIR}/${FRAMEWORKS_FOLDER_PATH}/React.framework",
				"${TARGET_BUILD_DIR}/${FRAMEWORKS_FOLDER_PATH}/Result.framework",
				"${TARGET_BUILD_DIR}/${FRAMEWORKS_FOLDER_PATH}/glog.framework",
				"${TARGET_BUILD_DIR}/${FRAMEWORKS_FOLDER_PATH}/react_native_maps.framework",
				"${TARGET_BUILD_DIR}/${FRAMEWORKS_FOLDER_PATH}/yoga.framework",
			);
			runOnlyForDeploymentPostprocessing = 0;
			shellPath = /bin/sh;
			shellScript = "\"${SRCROOT}/Pods/Target Support Files/Pods-deep.mobile/Pods-deep.mobile-frameworks.sh\"\n";
			showEnvVarsInLog = 0;
		};
/* End PBXShellScriptBuildPhase section */

/* Begin PBXSourcesBuildPhase section */
		13B07F871A680F5B00A75B9A /* Sources */ = {
			isa = PBXSourcesBuildPhase;
			buildActionMask = 2147483647;
			files = (
				B97BD71221681D700043C3DC /* DamageDetector.swift in Sources */,
				B957B261215EB8DE00FF2999 /* DamageCameraView.swift in Sources */,
				9BC1337D219DF58400AE4C95 /* MLModelService.swift in Sources */,
				B9726073216D7F1A0066A59C /* Throttler.swift in Sources */,
				B957B266215EB9FA00FF2999 /* DamageCameraViewBridge.m in Sources */,
				9B0BCCFF216E85E4009D2503 /* FrameExtractor.swift in Sources */,
				13B07FBC1A68108700A75B9A /* AppDelegate.m in Sources */,
				9B238AAA217A371000E7AAC3 /* CGImagePropertyOrientation.swift in Sources */,
				B97BD71821682F4D0043C3DC /* RoadDamageModel.mlmodel in Sources */,
				9B2DE4782198C3F000C232FF /* Downloader.swift in Sources */,
				9B814608216FDFB900590FCB /* DamageService.swift in Sources */,
				13B07FC11A68108700A75B9A /* main.m in Sources */,
				9B0BCD36216E92E3009D2503 /* DamageHTTPService.swift in Sources */,
				B957B264215EB92A00FF2999 /* DamageCameraViewManager.swift in Sources */,
			);
			runOnlyForDeploymentPostprocessing = 0;
		};
		9BC8A3C521AB42DB00977C8B /* Sources */ = {
			isa = PBXSourcesBuildPhase;
			buildActionMask = 2147483647;
			files = (
				9BC8A3E121AB5A6800977C8B /* RoadDamageService_Tests.swift in Sources */,
				9BC8A3D321AB43D600977C8B /* DamageHTTPService.swift in Sources */,
				9BC8A3D421AB43D600977C8B /* DamageService.swift in Sources */,
				9BC8A3D521AB43D600977C8B /* MLModelService.swift in Sources */,
				9BC8A3D621AB43D600977C8B /* RoadDamageModel.mlmodel in Sources */,
				9BC8A3D721AB43D600977C8B /* DamageDetector.swift in Sources */,
				9BC8A3D821AB43D600977C8B /* CGImagePropertyOrientation.swift in Sources */,
				9BC8A3D921AB43D600977C8B /* Throttler.swift in Sources */,
				9BC8A3DA21AB43D600977C8B /* FrameExtractor.swift in Sources */,
				9BC8A3DB21AB43D600977C8B /* Downloader.swift in Sources */,
				9BC8A3DC21AB43D600977C8B /* DamageCameraViewManager.swift in Sources */,
				9BC8A3DD21AB43D600977C8B /* DamageCameraView.swift in Sources */,
				9BC8A3DE21AB43D600977C8B /* DamageCameraViewBridge.m in Sources */,
				9BC8A3CC21AB42DC00977C8B /* deep_mobileTests.swift in Sources */,
			);
			runOnlyForDeploymentPostprocessing = 0;
		};
/* End PBXSourcesBuildPhase section */

/* Begin PBXTargetDependency section */
		9BC8A3CF21AB42DC00977C8B /* PBXTargetDependency */ = {
			isa = PBXTargetDependency;
			target = 13B07F861A680F5B00A75B9A /* deep.mobile */;
			targetProxy = 9BC8A3CE21AB42DC00977C8B /* PBXContainerItemProxy */;
		};
/* End PBXTargetDependency section */

/* Begin PBXVariantGroup section */
		13B07FB11A68108700A75B9A /* LaunchScreen.xib */ = {
			isa = PBXVariantGroup;
			children = (
				13B07FB21A68108700A75B9A /* Base */,
			);
			name = LaunchScreen.xib;
			path = deep.mobile;
			sourceTree = "<group>";
		};
/* End PBXVariantGroup section */

/* Begin XCBuildConfiguration section */
		13B07F941A680F5B00A75B9A /* Debug */ = {
			isa = XCBuildConfiguration;
			baseConfigurationReference = 2D1BE70E20D17A58F184918B /* Pods-deep.mobile.debug.xcconfig */;
			buildSettings = {
				ASSETCATALOG_COMPILER_APPICON_NAME = AppIcon;
				CLANG_ENABLE_MODULES = YES;
				CURRENT_PROJECT_VERSION = 1;
				DEAD_CODE_STRIPPING = NO;
				DEVELOPMENT_TEAM = 45YSJCFXR6;
				GCC_PREFIX_HEADER = "";
				HEADER_SEARCH_PATHS = (
					"$(inherited)",
					"$(SRCROOT)..",
					ode_modules,
					"eact-native-cameraios/**",
					"$(SRCROOT)/../node_modules/react-native-camera/ios/**",
				);
				INFOPLIST_FILE = deep.mobile/Info.plist;
				IPHONEOS_DEPLOYMENT_TARGET = 11.0;
				LD_RUNPATH_SEARCH_PATHS = "$(inherited) @executable_path/Frameworks";
				OTHER_LDFLAGS = (
					"$(inherited)",
					"-ObjC",
					"-lc++",
				);
				PRODUCT_BUNDLE_IDENTIFIER = "org.reactjs.native.example.deep-mobile";
				PRODUCT_NAME = deep.mobile;
				SWIFT_OBJC_BRIDGING_HEADER = "deep.mobile-Bridging-Header.h";
				SWIFT_OPTIMIZATION_LEVEL = "-Onone";
				SWIFT_VERSION = 4.2;
				VERSIONING_SYSTEM = "apple-generic";
			};
			name = Debug;
		};
		13B07F951A680F5B00A75B9A /* Release */ = {
			isa = XCBuildConfiguration;
			baseConfigurationReference = C84BBB415B0EBC0F79D1A379 /* Pods-deep.mobile.release.xcconfig */;
			buildSettings = {
				ASSETCATALOG_COMPILER_APPICON_NAME = AppIcon;
				CLANG_ENABLE_MODULES = YES;
				CURRENT_PROJECT_VERSION = 1;
				DEVELOPMENT_TEAM = 45YSJCFXR6;
				GCC_PREFIX_HEADER = "";
				HEADER_SEARCH_PATHS = (
					"$(inherited)",
					"$(SRCROOT)..\node_modules\neact-native-cameraios/**",
					"$(SRCROOT)/../node_modules/react-native-camera/ios/**",
				);
				INFOPLIST_FILE = deep.mobile/Info.plist;
				IPHONEOS_DEPLOYMENT_TARGET = 11.0;
				LD_RUNPATH_SEARCH_PATHS = "$(inherited) @executable_path/Frameworks";
				OTHER_LDFLAGS = (
					"$(inherited)",
					"-ObjC",
					"-lc++",
				);
				PRODUCT_BUNDLE_IDENTIFIER = "org.reactjs.native.example.deep-mobile";
				PRODUCT_NAME = deep.mobile;
				SWIFT_OBJC_BRIDGING_HEADER = "deep.mobile-Bridging-Header.h";
				SWIFT_VERSION = 4.2;
				VERSIONING_SYSTEM = "apple-generic";
			};
			name = Release;
		};
		83CBBA201A601CBA00E9B192 /* Debug */ = {
			isa = XCBuildConfiguration;
			buildSettings = {
				ALWAYS_SEARCH_USER_PATHS = NO;
				CLANG_CXX_LANGUAGE_STANDARD = "gnu++0x";
				CLANG_CXX_LIBRARY = "libc++";
				CLANG_ENABLE_MODULES = YES;
				CLANG_ENABLE_OBJC_ARC = YES;
				CLANG_WARN_BLOCK_CAPTURE_AUTORELEASING = YES;
				CLANG_WARN_BOOL_CONVERSION = YES;
				CLANG_WARN_COMMA = YES;
				CLANG_WARN_CONSTANT_CONVERSION = YES;
				CLANG_WARN_DEPRECATED_OBJC_IMPLEMENTATIONS = YES;
				CLANG_WARN_DIRECT_OBJC_ISA_USAGE = YES_ERROR;
				CLANG_WARN_EMPTY_BODY = YES;
				CLANG_WARN_ENUM_CONVERSION = YES;
				CLANG_WARN_INFINITE_RECURSION = YES;
				CLANG_WARN_INT_CONVERSION = YES;
				CLANG_WARN_NON_LITERAL_NULL_CONVERSION = YES;
				CLANG_WARN_OBJC_IMPLICIT_RETAIN_SELF = YES;
				CLANG_WARN_OBJC_LITERAL_CONVERSION = YES;
				CLANG_WARN_OBJC_ROOT_CLASS = YES_ERROR;
				CLANG_WARN_RANGE_LOOP_ANALYSIS = YES;
				CLANG_WARN_STRICT_PROTOTYPES = YES;
				CLANG_WARN_SUSPICIOUS_MOVE = YES;
				CLANG_WARN_UNREACHABLE_CODE = YES;
				CLANG_WARN__DUPLICATE_METHOD_MATCH = YES;
				"CODE_SIGN_IDENTITY[sdk=iphoneos*]" = "iPhone Developer";
				COPY_PHASE_STRIP = NO;
				ENABLE_STRICT_OBJC_MSGSEND = YES;
				ENABLE_TESTABILITY = YES;
				GCC_C_LANGUAGE_STANDARD = gnu99;
				GCC_DYNAMIC_NO_PIC = NO;
				GCC_NO_COMMON_BLOCKS = YES;
				GCC_OPTIMIZATION_LEVEL = 0;
				GCC_PREPROCESSOR_DEFINITIONS = (
					"DEBUG=1",
					"$(inherited)",
				);
				GCC_SYMBOLS_PRIVATE_EXTERN = NO;
				GCC_WARN_64_TO_32_BIT_CONVERSION = YES;
				GCC_WARN_ABOUT_RETURN_TYPE = YES_ERROR;
				GCC_WARN_UNDECLARED_SELECTOR = YES;
				GCC_WARN_UNINITIALIZED_AUTOS = YES_AGGRESSIVE;
				GCC_WARN_UNUSED_FUNCTION = YES;
				GCC_WARN_UNUSED_VARIABLE = YES;
				IPHONEOS_DEPLOYMENT_TARGET = 9.0;
				MTL_ENABLE_DEBUG_INFO = YES;
				ONLY_ACTIVE_ARCH = YES;
				SDKROOT = iphoneos;
			};
			name = Debug;
		};
		83CBBA211A601CBA00E9B192 /* Release */ = {
			isa = XCBuildConfiguration;
			buildSettings = {
				ALWAYS_SEARCH_USER_PATHS = NO;
				CLANG_CXX_LANGUAGE_STANDARD = "gnu++0x";
				CLANG_CXX_LIBRARY = "libc++";
				CLANG_ENABLE_MODULES = YES;
				CLANG_ENABLE_OBJC_ARC = YES;
				CLANG_WARN_BLOCK_CAPTURE_AUTORELEASING = YES;
				CLANG_WARN_BOOL_CONVERSION = YES;
				CLANG_WARN_COMMA = YES;
				CLANG_WARN_CONSTANT_CONVERSION = YES;
				CLANG_WARN_DEPRECATED_OBJC_IMPLEMENTATIONS = YES;
				CLANG_WARN_DIRECT_OBJC_ISA_USAGE = YES_ERROR;
				CLANG_WARN_EMPTY_BODY = YES;
				CLANG_WARN_ENUM_CONVERSION = YES;
				CLANG_WARN_INFINITE_RECURSION = YES;
				CLANG_WARN_INT_CONVERSION = YES;
				CLANG_WARN_NON_LITERAL_NULL_CONVERSION = YES;
				CLANG_WARN_OBJC_IMPLICIT_RETAIN_SELF = YES;
				CLANG_WARN_OBJC_LITERAL_CONVERSION = YES;
				CLANG_WARN_OBJC_ROOT_CLASS = YES_ERROR;
				CLANG_WARN_RANGE_LOOP_ANALYSIS = YES;
				CLANG_WARN_STRICT_PROTOTYPES = YES;
				CLANG_WARN_SUSPICIOUS_MOVE = YES;
				CLANG_WARN_UNREACHABLE_CODE = YES;
				CLANG_WARN__DUPLICATE_METHOD_MATCH = YES;
				"CODE_SIGN_IDENTITY[sdk=iphoneos*]" = "iPhone Developer";
				COPY_PHASE_STRIP = YES;
				ENABLE_NS_ASSERTIONS = NO;
				ENABLE_STRICT_OBJC_MSGSEND = YES;
				GCC_C_LANGUAGE_STANDARD = gnu99;
				GCC_NO_COMMON_BLOCKS = YES;
				GCC_WARN_64_TO_32_BIT_CONVERSION = YES;
				GCC_WARN_ABOUT_RETURN_TYPE = YES_ERROR;
				GCC_WARN_UNDECLARED_SELECTOR = YES;
				GCC_WARN_UNINITIALIZED_AUTOS = YES_AGGRESSIVE;
				GCC_WARN_UNUSED_FUNCTION = YES;
				GCC_WARN_UNUSED_VARIABLE = YES;
				IPHONEOS_DEPLOYMENT_TARGET = 9.0;
				MTL_ENABLE_DEBUG_INFO = NO;
				SDKROOT = iphoneos;
				VALIDATE_PRODUCT = YES;
			};
			name = Release;
		};
		9BC8A3D121AB42DC00977C8B /* Debug */ = {
			isa = XCBuildConfiguration;
			buildSettings = {
				BUNDLE_LOADER = "$(TEST_HOST)";
				CLANG_ANALYZER_NONNULL = YES;
				CLANG_ANALYZER_NUMBER_OBJECT_CONVERSION = YES_AGGRESSIVE;
				CLANG_CXX_LANGUAGE_STANDARD = "gnu++14";
				CLANG_ENABLE_OBJC_WEAK = YES;
				CLANG_WARN_DOCUMENTATION_COMMENTS = YES;
				CLANG_WARN_UNGUARDED_AVAILABILITY = YES_AGGRESSIVE;
				CODE_SIGN_IDENTITY = "iPhone Developer";
				CODE_SIGN_STYLE = Automatic;
				DEBUG_INFORMATION_FORMAT = dwarf;
				DEVELOPMENT_TEAM = 45YSJCFXR6;
				GCC_C_LANGUAGE_STANDARD = gnu11;
				INFOPLIST_FILE = deep.mobileTests/Info.plist;
				IPHONEOS_DEPLOYMENT_TARGET = 12.1;
				LD_RUNPATH_SEARCH_PATHS = "$(inherited) @executable_path/Frameworks @loader_path/Frameworks";
				MTL_ENABLE_DEBUG_INFO = INCLUDE_SOURCE;
				MTL_FAST_MATH = YES;
				PRODUCT_BUNDLE_IDENTIFIER = "deep.ditch.deep-mobileTests";
				PRODUCT_NAME = "$(TARGET_NAME)";
				SWIFT_ACTIVE_COMPILATION_CONDITIONS = DEBUG;
				SWIFT_OPTIMIZATION_LEVEL = "-Onone";
				SWIFT_VERSION = 4.2;
				TARGETED_DEVICE_FAMILY = "1,2";
				TEST_HOST = "$(BUILT_PRODUCTS_DIR)/deep.mobile.app/deep.mobile";
			};
			name = Debug;
		};
		9BC8A3D221AB42DC00977C8B /* Release */ = {
			isa = XCBuildConfiguration;
			buildSettings = {
				BUNDLE_LOADER = "$(TEST_HOST)";
				CLANG_ANALYZER_NONNULL = YES;
				CLANG_ANALYZER_NUMBER_OBJECT_CONVERSION = YES_AGGRESSIVE;
				CLANG_CXX_LANGUAGE_STANDARD = "gnu++14";
				CLANG_ENABLE_OBJC_WEAK = YES;
				CLANG_WARN_DOCUMENTATION_COMMENTS = YES;
				CLANG_WARN_UNGUARDED_AVAILABILITY = YES_AGGRESSIVE;
				CODE_SIGN_IDENTITY = "iPhone Developer";
				CODE_SIGN_STYLE = Automatic;
				COPY_PHASE_STRIP = NO;
				DEBUG_INFORMATION_FORMAT = "dwarf-with-dsym";
				DEVELOPMENT_TEAM = 45YSJCFXR6;
				GCC_C_LANGUAGE_STANDARD = gnu11;
				INFOPLIST_FILE = deep.mobileTests/Info.plist;
				IPHONEOS_DEPLOYMENT_TARGET = 12.1;
				LD_RUNPATH_SEARCH_PATHS = "$(inherited) @executable_path/Frameworks @loader_path/Frameworks";
				MTL_FAST_MATH = YES;
				PRODUCT_BUNDLE_IDENTIFIER = "deep.ditch.deep-mobileTests";
				PRODUCT_NAME = "$(TARGET_NAME)";
				SWIFT_OPTIMIZATION_LEVEL = "-Owholemodule";
				SWIFT_VERSION = 4.2;
				TARGETED_DEVICE_FAMILY = "1,2";
				TEST_HOST = "$(BUILT_PRODUCTS_DIR)/deep.mobile.app/deep.mobile";
			};
			name = Release;
		};
/* End XCBuildConfiguration section */

/* Begin XCConfigurationList section */
		13B07F931A680F5B00A75B9A /* Build configuration list for PBXNativeTarget "deep.mobile" */ = {
			isa = XCConfigurationList;
			buildConfigurations = (
				13B07F941A680F5B00A75B9A /* Debug */,
				13B07F951A680F5B00A75B9A /* Release */,
			);
			defaultConfigurationIsVisible = 0;
			defaultConfigurationName = Release;
		};
		83CBB9FA1A601CBA00E9B192 /* Build configuration list for PBXProject "deep.mobile" */ = {
			isa = XCConfigurationList;
			buildConfigurations = (
				83CBBA201A601CBA00E9B192 /* Debug */,
				83CBBA211A601CBA00E9B192 /* Release */,
			);
			defaultConfigurationIsVisible = 0;
			defaultConfigurationName = Release;
		};
		9BC8A3D021AB42DC00977C8B /* Build configuration list for PBXNativeTarget "deep.mobileTests" */ = {
			isa = XCConfigurationList;
			buildConfigurations = (
				9BC8A3D121AB42DC00977C8B /* Debug */,
				9BC8A3D221AB42DC00977C8B /* Release */,
			);
			defaultConfigurationIsVisible = 0;
			defaultConfigurationName = Release;
		};
/* End XCConfigurationList section */
	};
	rootObject = 83CBB9F71A601CBA00E9B192 /* Project object */;
}
